
Microsoft Visual Studio Solution File, Format Version 12.00
# Visual Studio Version 16
VisualStudioVersion = 16.0.30717.126
MinimumVisualStudioVersion = 10.0.40219.1
Project("{9A19103F-16F7-4668-BE54-9A1E7A4F7556}") = "AdventOfCodeDay4Tests", "..\AdventOfCodeDay4Tests\AdventOfCodeDay4Tests.csproj", "{1B610194-DC7D-4958-BC9D-9696BCAAB48C}"
EndProject
Project("{9A19103F-16F7-4668-BE54-9A1E7A4F7556}") = "AdventOfCodeDay4", "AdventOfCodeDay4.csproj", "{A5284C1D-6AA2-44E2-A2B7-F31FF3D8558F}"
EndProject
Global
	GlobalSection(SolutionConfigurationPlatforms) = preSolution
		Debug|Any CPU = Debug|Any CPU
		Release|Any CPU = Release|Any CPU
	EndGlobalSection
	GlobalSection(ProjectConfigurationPlatforms) = postSolution
		{1B610194-DC7D-4958-BC9D-9696BCAAB48C}.Debug|Any CPU.ActiveCfg = Debug|Any CPU
		{1B610194-DC7D-4958-BC9D-9696BCAAB48C}.Debug|Any CPU.Build.0 = Debug|Any CPU
		{1B610194-DC7D-4958-BC9D-9696BCAAB48C}.Release|Any CPU.ActiveCfg = Release|Any CPU
		{1B610194-DC7D-4958-BC9D-9696BCAAB48C}.Release|Any CPU.Build.0 = Release|Any CPU
		{A5284C1D-6AA2-44E2-A2B7-F31FF3D8558F}.Debug|Any CPU.ActiveCfg = Debug|Any CPU
		{A5284C1D-6AA2-44E2-A2B7-F31FF3D8558F}.Debug|Any CPU.Build.0 = Debug|Any CPU
		{A5284C1D-6AA2-44E2-A2B7-F31FF3D8558F}.Release|Any CPU.ActiveCfg = Release|Any CPU
		{A5284C1D-6AA2-44E2-A2B7-F31FF3D8558F}.Release|Any CPU.Build.0 = Release|Any CPU
	EndGlobalSection
	GlobalSection(SolutionProperties) = preSolution
		HideSolutionNode = FALSE
	EndGlobalSection
	GlobalSection(ExtensibilityGlobals) = postSolution
		SolutionGuid = {C1AE25BB-7AF9-40AA-A810-78D6E66B843A}
	EndGlobalSection
EndGlobal
